// !$*UTF8*$!
{
	archiveVersion = 1;
	classes = {
	};
	objectVersion = 56;
	objects = {

/* Begin PBXBuildFile section */
		AB6AFC752B96D6450024C94E /* Nocturna_SideloadingApp.swift in Sources */ = {isa = PBXBuildFile; fileRef = AB6AFC742B96D6450024C94E /* Nocturna_SideloadingApp.swift */; };
		AB6AFC772B96D6450024C94E /* ContentView.swift in Sources */ = {isa = PBXBuildFile; fileRef = AB6AFC762B96D6450024C94E /* ContentView.swift */; };
		AB6AFC792B96D6460024C94E /* Assets.xcassets in Resources */ = {isa = PBXBuildFile; fileRef = AB6AFC782B96D6460024C94E /* Assets.xcassets */; };
		AB6AFC7C2B96D6460024C94E /* Preview Assets.xcassets in Resources */ = {isa = PBXBuildFile; fileRef = AB6AFC7B2B96D6460024C94E /* Preview Assets.xcassets */; };
		AB6AFC862B96D6460024C94E /* Nocturna_SideloadingTests.swift in Sources */ = {isa = PBXBuildFile; fileRef = AB6AFC852B96D6460024C94E /* Nocturna_SideloadingTests.swift */; };
		AB6AFC902B96D6460024C94E /* Nocturna_SideloadingUITests.swift in Sources */ = {isa = PBXBuildFile; fileRef = AB6AFC8F2B96D6460024C94E /* Nocturna_SideloadingUITests.swift */; };
		AB6AFC922B96D6460024C94E /* Nocturna_SideloadingUITestsLaunchTests.swift in Sources */ = {isa = PBXBuildFile; fileRef = AB6AFC912B96D6460024C94E /* Nocturna_SideloadingUITestsLaunchTests.swift */; };
		AB6AFCBC2B97E0CE0024C94E /* SettingsView.swift in Sources */ = {isa = PBXBuildFile; fileRef = AB6AFCBB2B97E0CE0024C94E /* SettingsView.swift */; };
		AB7729812BD32D110000CCCD /* base64.cpp in Sources */ = {isa = PBXBuildFile; fileRef = AB7729692BD32D110000CCCD /* base64.cpp */; };
		AB7729822BD32D110000CCCD /* common.cpp in Sources */ = {isa = PBXBuildFile; fileRef = AB77296B2BD32D110000CCCD /* common.cpp */; };
		AB7729832BD32D110000CCCD /* json.cpp in Sources */ = {isa = PBXBuildFile; fileRef = AB77296D2BD32D110000CCCD /* json.cpp */; };
		AB7729852BD32D110000CCCD /* archo.cpp in Sources */ = {isa = PBXBuildFile; fileRef = AB7729732BD32D110000CCCD /* archo.cpp */; };
		AB7729862BD32D110000CCCD /* bundle.cpp in Sources */ = {isa = PBXBuildFile; fileRef = AB7729752BD32D110000CCCD /* bundle.cpp */; };
		AB7729872BD32D110000CCCD /* LICENSE in Resources */ = {isa = PBXBuildFile; fileRef = AB7729772BD32D110000CCCD /* LICENSE */; };
		AB7729882BD32D110000CCCD /* macho.cpp in Sources */ = {isa = PBXBuildFile; fileRef = AB7729782BD32D110000CCCD /* macho.cpp */; };
		AB7729892BD32D110000CCCD /* openssl.cpp in Sources */ = {isa = PBXBuildFile; fileRef = AB77297A2BD32D110000CCCD /* openssl.cpp */; };
		AB77298A2BD32D110000CCCD /* README.md in Resources */ = {isa = PBXBuildFile; fileRef = AB77297C2BD32D110000CCCD /* README.md */; };
		AB77298B2BD32D110000CCCD /* signing.cpp in Sources */ = {isa = PBXBuildFile; fileRef = AB77297D2BD32D110000CCCD /* signing.cpp */; };
		AB77298C2BD32D110000CCCD /* zsign.cpp in Sources */ = {isa = PBXBuildFile; fileRef = AB77297F2BD32D110000CCCD /* zsign.cpp */; };
		AB77299E2BD346390000CCCD /* libsubstrate.dylib in Resources */ = {isa = PBXBuildFile; fileRef = AB77299D2BD346390000CCCD /* libsubstrate.dylib */; };
		AB7729A12BD34B9F0000CCCD /* LoggingBridge.mm in Sources */ = {isa = PBXBuildFile; fileRef = AB7729A02BD34B9F0000CCCD /* LoggingBridge.mm */; };
		AB7C375A2D15FEA800C0341D /* FixSubstrate.m in Sources */ = {isa = PBXBuildFile; fileRef = AB7C37592D15FEA800C0341D /* FixSubstrate.m */; };
		AB7C375E2D15FEDB00C0341D /* headers.m in Sources */ = {isa = PBXBuildFile; fileRef = AB7C375D2D15FEDB00C0341D /* headers.m */; };
		AB7C37612D15FEED00C0341D /* NSData+Reading.m in Sources */ = {isa = PBXBuildFile; fileRef = AB7C37602D15FEED00C0341D /* NSData+Reading.m */; };
		AB7C37642D15FEFA00C0341D /* operations.m in Sources */ = {isa = PBXBuildFile; fileRef = AB7C37632D15FEFA00C0341D /* operations.m */; };
		AB7C37A52D16003D00C0341D /* OpenSSL in Frameworks */ = {isa = PBXBuildFile; productRef = AB7C37A42D16003D00C0341D /* OpenSSL */; };
		AB7CF93F2BDEB4F90051469D /* AppSmall1Block.swift in Sources */ = {isa = PBXBuildFile; fileRef = AB7CF93E2BDEB4F90051469D /* AppSmall1Block.swift */; };
		AB9B5E4C2C799531002632EA /* ZIPFoundation in Frameworks */ = {isa = PBXBuildFile; productRef = AB9B5E4B2C799531002632EA /* ZIPFoundation */; };
		AB9B5E4F2C799585002632EA /* NotificationBannerSwift in Frameworks */ = {isa = PBXBuildFile; productRef = AB9B5E4E2C799585002632EA /* NotificationBannerSwift */; };
		AB9B5E522C799656002632EA /* Swifter in Frameworks */ = {isa = PBXBuildFile; productRef = AB9B5E512C799656002632EA /* Swifter */; };
		ABE0C5472C5863EA0090B6FD /* libcrypto.a in Frameworks */ = {isa = PBXBuildFile; fileRef = AB1C188E2C58620300B1D040 /* libcrypto.a */; };
		ABEA9ABD2BD755F8008AE25C /* DocumentPicker.swift in Sources */ = {isa = PBXBuildFile; fileRef = ABEA9ABC2BD755F8008AE25C /* DocumentPicker.swift */; };
/* End PBXBuildFile section */

/* Begin PBXContainerItemProxy section */
		AB6AFC822B96D6460024C94E /* PBXContainerItemProxy */ = {
			isa = PBXContainerItemProxy;
			containerPortal = AB6AFC692B96D6450024C94E /* Project object */;
			proxyType = 1;
			remoteGlobalIDString = AB6AFC702B96D6450024C94E;
			remoteInfo = "Nocturna Sideloading";
		};
		AB6AFC8C2B96D6460024C94E /* PBXContainerItemProxy */ = {
			isa = PBXContainerItemProxy;
			containerPortal = AB6AFC692B96D6450024C94E /* Project object */;
			proxyType = 1;
			remoteGlobalIDString = AB6AFC702B96D6450024C94E;
			remoteInfo = "Nocturna Sideloading";
		};
/* End PBXContainerItemProxy section */

/* Begin PBXFileReference section */
		AB1C188E2C58620300B1D040 /* libcrypto.a */ = {isa = PBXFileReference; lastKnownFileType = archive.ar; path = libcrypto.a; sourceTree = "<group>"; };
		AB278AE92BD2B238005AA955 /* FixSubstrate.m */ = {isa = PBXFileReference; lastKnownFileType = sourcecode.c.objc; path = FixSubstrate.m; sourceTree = "<group>"; };
		AB278AEA2BD2B38D005AA955 /* SubstrateFixer.h */ = {isa = PBXFileReference; lastKnownFileType = sourcecode.c.h; path = SubstrateFixer.h; sourceTree = "<group>"; };
		AB6AFC712B96D6450024C94E /* ThirdSign.app */ = {isa = PBXFileReference; explicitFileType = wrapper.application; includeInIndex = 0; path = ThirdSign.app; sourceTree = BUILT_PRODUCTS_DIR; };
		AB6AFC742B96D6450024C94E /* Nocturna_SideloadingApp.swift */ = {isa = PBXFileReference; lastKnownFileType = sourcecode.swift; path = Nocturna_SideloadingApp.swift; sourceTree = "<group>"; };
		AB6AFC762B96D6450024C94E /* ContentView.swift */ = {isa = PBXFileReference; lastKnownFileType = sourcecode.swift; path = ContentView.swift; sourceTree = "<group>"; };
		AB6AFC782B96D6460024C94E /* Assets.xcassets */ = {isa = PBXFileReference; lastKnownFileType = folder.assetcatalog; path = Assets.xcassets; sourceTree = "<group>"; };
		AB6AFC7B2B96D6460024C94E /* Preview Assets.xcassets */ = {isa = PBXFileReference; lastKnownFileType = folder.assetcatalog; path = "Preview Assets.xcassets"; sourceTree = "<group>"; };
		AB6AFC812B96D6460024C94E /* ThirdSignTests.xctest */ = {isa = PBXFileReference; explicitFileType = wrapper.cfbundle; includeInIndex = 0; path = ThirdSignTests.xctest; sourceTree = BUILT_PRODUCTS_DIR; };
		AB6AFC852B96D6460024C94E /* Nocturna_SideloadingTests.swift */ = {isa = PBXFileReference; lastKnownFileType = sourcecode.swift; path = Nocturna_SideloadingTests.swift; sourceTree = "<group>"; };
		AB6AFC8B2B96D6460024C94E /* ThirdSignUITests.xctest */ = {isa = PBXFileReference; explicitFileType = wrapper.cfbundle; includeInIndex = 0; path = ThirdSignUITests.xctest; sourceTree = BUILT_PRODUCTS_DIR; };
		AB6AFC8F2B96D6460024C94E /* Nocturna_SideloadingUITests.swift */ = {isa = PBXFileReference; lastKnownFileType = sourcecode.swift; path = Nocturna_SideloadingUITests.swift; sourceTree = "<group>"; };
		AB6AFC912B96D6460024C94E /* Nocturna_SideloadingUITestsLaunchTests.swift */ = {isa = PBXFileReference; lastKnownFileType = sourcecode.swift; path = Nocturna_SideloadingUITestsLaunchTests.swift; sourceTree = "<group>"; };
		AB6AFCBB2B97E0CE0024C94E /* SettingsView.swift */ = {isa = PBXFileReference; lastKnownFileType = sourcecode.swift; path = SettingsView.swift; sourceTree = "<group>"; };
		AB7145C92BADD17A0019D255 /* Sideloading-Bridging-Header.h */ = {isa = PBXFileReference; lastKnownFileType = sourcecode.c.h; path = "Sideloading-Bridging-Header.h"; sourceTree = "<group>"; };
		AB7729692BD32D110000CCCD /* base64.cpp */ = {isa = PBXFileReference; fileEncoding = 4; lastKnownFileType = sourcecode.cpp.cpp; path = base64.cpp; sourceTree = "<group>"; };
		AB77296A2BD32D110000CCCD /* base64.h */ = {isa = PBXFileReference; fileEncoding = 4; lastKnownFileType = sourcecode.c.h; path = base64.h; sourceTree = "<group>"; };
		AB77296B2BD32D110000CCCD /* common.cpp */ = {isa = PBXFileReference; fileEncoding = 4; lastKnownFileType = sourcecode.cpp.cpp; path = common.cpp; sourceTree = "<group>"; };
		AB77296C2BD32D110000CCCD /* common.h */ = {isa = PBXFileReference; fileEncoding = 4; lastKnownFileType = sourcecode.c.h; path = common.h; sourceTree = "<group>"; };
		AB77296D2BD32D110000CCCD /* json.cpp */ = {isa = PBXFileReference; fileEncoding = 4; lastKnownFileType = sourcecode.cpp.cpp; path = json.cpp; sourceTree = "<group>"; };
		AB77296E2BD32D110000CCCD /* json.h */ = {isa = PBXFileReference; fileEncoding = 4; lastKnownFileType = sourcecode.c.h; path = json.h; sourceTree = "<group>"; };
		AB77296F2BD32D110000CCCD /* mach-o.h */ = {isa = PBXFileReference; fileEncoding = 4; lastKnownFileType = sourcecode.c.h; path = "mach-o.h"; sourceTree = "<group>"; };
		AB7729732BD32D110000CCCD /* archo.cpp */ = {isa = PBXFileReference; fileEncoding = 4; lastKnownFileType = sourcecode.cpp.cpp; path = archo.cpp; sourceTree = "<group>"; };
		AB7729742BD32D110000CCCD /* archo.h */ = {isa = PBXFileReference; fileEncoding = 4; lastKnownFileType = sourcecode.c.h; path = archo.h; sourceTree = "<group>"; };
		AB7729752BD32D110000CCCD /* bundle.cpp */ = {isa = PBXFileReference; fileEncoding = 4; lastKnownFileType = sourcecode.cpp.cpp; path = bundle.cpp; sourceTree = "<group>"; };
		AB7729762BD32D110000CCCD /* bundle.h */ = {isa = PBXFileReference; fileEncoding = 4; lastKnownFileType = sourcecode.c.h; path = bundle.h; sourceTree = "<group>"; };
		AB7729772BD32D110000CCCD /* LICENSE */ = {isa = PBXFileReference; fileEncoding = 4; lastKnownFileType = text; path = LICENSE; sourceTree = "<group>"; };
		AB7729782BD32D110000CCCD /* macho.cpp */ = {isa = PBXFileReference; fileEncoding = 4; lastKnownFileType = sourcecode.cpp.cpp; path = macho.cpp; sourceTree = "<group>"; };
		AB7729792BD32D110000CCCD /* macho.h */ = {isa = PBXFileReference; fileEncoding = 4; lastKnownFileType = sourcecode.c.h; path = macho.h; sourceTree = "<group>"; };
		AB77297A2BD32D110000CCCD /* openssl.cpp */ = {isa = PBXFileReference; fileEncoding = 4; lastKnownFileType = sourcecode.cpp.cpp; path = openssl.cpp; sourceTree = "<group>"; };
		AB77297B2BD32D110000CCCD /* openssl.h */ = {isa = PBXFileReference; fileEncoding = 4; lastKnownFileType = sourcecode.c.h; path = openssl.h; sourceTree = "<group>"; };
		AB77297C2BD32D110000CCCD /* README.md */ = {isa = PBXFileReference; fileEncoding = 4; lastKnownFileType = net.daringfireball.markdown; path = README.md; sourceTree = "<group>"; };
		AB77297D2BD32D110000CCCD /* signing.cpp */ = {isa = PBXFileReference; fileEncoding = 4; lastKnownFileType = sourcecode.cpp.cpp; path = signing.cpp; sourceTree = "<group>"; };
		AB77297E2BD32D110000CCCD /* signing.h */ = {isa = PBXFileReference; fileEncoding = 4; lastKnownFileType = sourcecode.c.h; path = signing.h; sourceTree = "<group>"; };
		AB77297F2BD32D110000CCCD /* zsign.cpp */ = {isa = PBXFileReference; fileEncoding = 4; lastKnownFileType = sourcecode.cpp.cpp; path = zsign.cpp; sourceTree = "<group>"; };
		AB77299D2BD346390000CCCD /* libsubstrate.dylib */ = {isa = PBXFileReference; lastKnownFileType = "compiled.mach-o.dylib"; path = libsubstrate.dylib; sourceTree = "<group>"; };
		AB77299F2BD34B9F0000CCCD /* LoggingBridge.h */ = {isa = PBXFileReference; fileEncoding = 4; lastKnownFileType = sourcecode.c.h; path = LoggingBridge.h; sourceTree = "<group>"; };
		AB7729A02BD34B9F0000CCCD /* LoggingBridge.mm */ = {isa = PBXFileReference; fileEncoding = 4; lastKnownFileType = sourcecode.cpp.objcpp; path = LoggingBridge.mm; sourceTree = "<group>"; };
		AB7C371B2D15FE3000C0341D /* CydiaSubstrate.framework */ = {isa = PBXFileReference; lastKnownFileType = wrapper.framework; path = CydiaSubstrate.framework; sourceTree = "<group>"; };
		AB7C37592D15FEA800C0341D /* FixSubstrate.m */ = {isa = PBXFileReference; lastKnownFileType = sourcecode.c.objc; path = FixSubstrate.m; sourceTree = "<group>"; };
		AB7C375B2D15FECB00C0341D /* defines.h */ = {isa = PBXFileReference; lastKnownFileType = sourcecode.c.h; path = defines.h; sourceTree = "<group>"; };
		AB7C375C2D15FED400C0341D /* headers.h */ = {isa = PBXFileReference; lastKnownFileType = sourcecode.c.h; path = headers.h; sourceTree = "<group>"; };
		AB7C375D2D15FEDB00C0341D /* headers.m */ = {isa = PBXFileReference; lastKnownFileType = sourcecode.c.objc; path = headers.m; sourceTree = "<group>"; };
		AB7C375F2D15FEE500C0341D /* NSData+Reading.h */ = {isa = PBXFileReference; lastKnownFileType = sourcecode.c.h; path = "NSData+Reading.h"; sourceTree = "<group>"; };
		AB7C37602D15FEED00C0341D /* NSData+Reading.m */ = {isa = PBXFileReference; lastKnownFileType = sourcecode.c.objc; path = "NSData+Reading.m"; sourceTree = "<group>"; };
		AB7C37622D15FEFA00C0341D /* operations.h */ = {isa = PBXFileReference; lastKnownFileType = sourcecode.c.h; path = operations.h; sourceTree = "<group>"; };
		AB7C37632D15FEFA00C0341D /* operations.m */ = {isa = PBXFileReference; lastKnownFileType = sourcecode.c.objc; path = operations.m; sourceTree = "<group>"; };
		AB7C37652D15FF5800C0341D /* bits-stdc++.h */ = {isa = PBXFileReference; lastKnownFileType = sourcecode.c.h; path = "bits-stdc++.h"; sourceTree = "<group>"; };
		AB7CF93B2BDB3C3B0051469D /* Nocturna Sideloading.entitlements */ = {isa = PBXFileReference; lastKnownFileType = text.plist.entitlements; path = "Nocturna Sideloading.entitlements"; sourceTree = "<group>"; };
		AB7CF93E2BDEB4F90051469D /* AppSmall1Block.swift */ = {isa = PBXFileReference; lastKnownFileType = sourcecode.swift; path = AppSmall1Block.swift; sourceTree = "<group>"; };
		ABE81CBF2BD0817C00BD0DC4 /* ZSign.h */ = {isa = PBXFileReference; lastKnownFileType = sourcecode.c.h; path = ZSign.h; sourceTree = "<group>"; };
		ABEA9ABC2BD755F8008AE25C /* DocumentPicker.swift */ = {isa = PBXFileReference; lastKnownFileType = sourcecode.swift; path = DocumentPicker.swift; sourceTree = "<group>"; };
/* End PBXFileReference section */

/* Begin PBXFrameworksBuildPhase section */
		AB6AFC6E2B96D6450024C94E /* Frameworks */ = {
			isa = PBXFrameworksBuildPhase;
			buildActionMask = 2147483647;
			files = (
				ABE0C5472C5863EA0090B6FD /* libcrypto.a in Frameworks */,
				AB9B5E4F2C799585002632EA /* NotificationBannerSwift in Frameworks */,
				AB9B5E4C2C799531002632EA /* ZIPFoundation in Frameworks */,
				AB7C37A52D16003D00C0341D /* OpenSSL in Frameworks */,
				AB9B5E522C799656002632EA /* Swifter in Frameworks */,
			);
			runOnlyForDeploymentPostprocessing = 0;
		};
		AB6AFC7E2B96D6460024C94E /* Frameworks */ = {
			isa = PBXFrameworksBuildPhase;
			buildActionMask = 2147483647;
			files = (
			);
			runOnlyForDeploymentPostprocessing = 0;
		};
		AB6AFC882B96D6460024C94E /* Frameworks */ = {
			isa = PBXFrameworksBuildPhase;
			buildActionMask = 2147483647;
			files = (
			);
			runOnlyForDeploymentPostprocessing = 0;
		};
/* End PBXFrameworksBuildPhase section */

/* Begin PBXGroup section */
		AB6AFC682B96D6450024C94E = {
			isa = PBXGroup;
			children = (
				AB7C371B2D15FE3000C0341D /* CydiaSubstrate.framework */,
				AB77299D2BD346390000CCCD /* libsubstrate.dylib */,
				AB7729802BD32D110000CCCD /* zsign-package */,
				AB7C37592D15FEA800C0341D /* FixSubstrate.m */,
				AB7C375B2D15FECB00C0341D /* defines.h */,
				AB7C375C2D15FED400C0341D /* headers.h */,
				AB7C375D2D15FEDB00C0341D /* headers.m */,
				AB7C375F2D15FEE500C0341D /* NSData+Reading.h */,
				AB7C37602D15FEED00C0341D /* NSData+Reading.m */,
				AB7C37622D15FEFA00C0341D /* operations.h */,
				AB7C37632D15FEFA00C0341D /* operations.m */,
				AB6AFC732B96D6450024C94E /* Nocturna Sideloading */,
				AB6AFC842B96D6460024C94E /* Nocturna SideloadingTests */,
				AB6AFC8E2B96D6460024C94E /* Nocturna SideloadingUITests */,
				AB6AFC722B96D6450024C94E /* Products */,
				ABE81CBA2BD07D9000BD0DC4 /* Frameworks */,
			);
			sourceTree = "<group>";
		};
		AB6AFC722B96D6450024C94E /* Products */ = {
			isa = PBXGroup;
			children = (
				AB6AFC712B96D6450024C94E /* ThirdSign.app */,
				AB6AFC812B96D6460024C94E /* ThirdSignTests.xctest */,
				AB6AFC8B2B96D6460024C94E /* ThirdSignUITests.xctest */,
			);
			name = Products;
			sourceTree = "<group>";
		};
		AB6AFC732B96D6450024C94E /* Nocturna Sideloading */ = {
			isa = PBXGroup;
			children = (
				AB1C188E2C58620300B1D040 /* libcrypto.a */,
				AB7CF93B2BDB3C3B0051469D /* Nocturna Sideloading.entitlements */,
				AB7C37652D15FF5800C0341D /* bits-stdc++.h */,
				ABE81CBF2BD0817C00BD0DC4 /* ZSign.h */,
				AB278AEA2BD2B38D005AA955 /* SubstrateFixer.h */,
				AB6AFC742B96D6450024C94E /* Nocturna_SideloadingApp.swift */,
				AB6AFC762B96D6450024C94E /* ContentView.swift */,
				AB7CF93E2BDEB4F90051469D /* AppSmall1Block.swift */,
				ABEA9ABC2BD755F8008AE25C /* DocumentPicker.swift */,
				AB6AFCBB2B97E0CE0024C94E /* SettingsView.swift */,
				AB6AFC782B96D6460024C94E /* Assets.xcassets */,
				AB6AFC7A2B96D6460024C94E /* Preview Content */,
				AB7145C92BADD17A0019D255 /* Sideloading-Bridging-Header.h */,
			);
			path = "Nocturna Sideloading";
			sourceTree = "<group>";
		};
		AB6AFC7A2B96D6460024C94E /* Preview Content */ = {
			isa = PBXGroup;
			children = (
				AB6AFC7B2B96D6460024C94E /* Preview Assets.xcassets */,
			);
			path = "Preview Content";
			sourceTree = "<group>";
		};
		AB6AFC842B96D6460024C94E /* Nocturna SideloadingTests */ = {
			isa = PBXGroup;
			children = (
				AB6AFC852B96D6460024C94E /* Nocturna_SideloadingTests.swift */,
			);
			path = "Nocturna SideloadingTests";
			sourceTree = "<group>";
		};
		AB6AFC8E2B96D6460024C94E /* Nocturna SideloadingUITests */ = {
			isa = PBXGroup;
			children = (
				AB6AFC8F2B96D6460024C94E /* Nocturna_SideloadingUITests.swift */,
				AB6AFC912B96D6460024C94E /* Nocturna_SideloadingUITestsLaunchTests.swift */,
			);
			path = "Nocturna SideloadingUITests";
			sourceTree = "<group>";
		};
		AB7729702BD32D110000CCCD /* common */ = {
			isa = PBXGroup;
			children = (
				AB7729692BD32D110000CCCD /* base64.cpp */,
				AB77296A2BD32D110000CCCD /* base64.h */,
				AB77296B2BD32D110000CCCD /* common.cpp */,
				AB77296C2BD32D110000CCCD /* common.h */,
				AB77296D2BD32D110000CCCD /* json.cpp */,
				AB77296E2BD32D110000CCCD /* json.h */,
				AB77296F2BD32D110000CCCD /* mach-o.h */,
			);
			path = common;
			sourceTree = "<group>";
		};
		AB7729722BD32D110000CCCD /* lib */ = {
			isa = PBXGroup;
			children = (
			);
			path = lib;
			sourceTree = "<group>";
		};
		AB7729802BD32D110000CCCD /* zsign-package */ = {
			isa = PBXGroup;
			children = (
				AB77299F2BD34B9F0000CCCD /* LoggingBridge.h */,
				AB7729A02BD34B9F0000CCCD /* LoggingBridge.mm */,
				AB7729702BD32D110000CCCD /* common */,
				AB7729722BD32D110000CCCD /* lib */,
				AB7729732BD32D110000CCCD /* archo.cpp */,
				AB7729742BD32D110000CCCD /* archo.h */,
				AB7729752BD32D110000CCCD /* bundle.cpp */,
				AB7729762BD32D110000CCCD /* bundle.h */,
				AB7729772BD32D110000CCCD /* LICENSE */,
				AB7729782BD32D110000CCCD /* macho.cpp */,
				AB7729792BD32D110000CCCD /* macho.h */,
				AB77297A2BD32D110000CCCD /* openssl.cpp */,
				AB77297B2BD32D110000CCCD /* openssl.h */,
				AB77297C2BD32D110000CCCD /* README.md */,
				AB77297D2BD32D110000CCCD /* signing.cpp */,
				AB77297E2BD32D110000CCCD /* signing.h */,
				AB77297F2BD32D110000CCCD /* zsign.cpp */,
			);
			path = "zsign-package";
			sourceTree = "<group>";
		};
		ABE81CBA2BD07D9000BD0DC4 /* Frameworks */ = {
			isa = PBXGroup;
			children = (
				AB278AE92BD2B238005AA955 /* FixSubstrate.m */,
			);
			name = Frameworks;
			sourceTree = "<group>";
		};
/* End PBXGroup section */

/* Begin PBXNativeTarget section */
		AB6AFC702B96D6450024C94E /* ThirdSign */ = {
			isa = PBXNativeTarget;
			buildConfigurationList = AB6AFC952B96D6460024C94E /* Build configuration list for PBXNativeTarget "ThirdSign" */;
			buildPhases = (
				AB6AFC6D2B96D6450024C94E /* Sources */,
				AB6AFC6E2B96D6450024C94E /* Frameworks */,
				AB6AFC6F2B96D6450024C94E /* Resources */,
			);
			buildRules = (
			);
			dependencies = (
			);
			name = ThirdSign;
			packageProductDependencies = (
				AB9B5E4B2C799531002632EA /* ZIPFoundation */,
				AB9B5E4E2C799585002632EA /* NotificationBannerSwift */,
				AB9B5E512C799656002632EA /* Swifter */,
				AB7C37A42D16003D00C0341D /* OpenSSL */,
			);
			productName = "Nocturna Sideloading";
			productReference = AB6AFC712B96D6450024C94E /* ThirdSign.app */;
			productType = "com.apple.product-type.application";
		};
		AB6AFC802B96D6460024C94E /* ThirdSignTests */ = {
			isa = PBXNativeTarget;
			buildConfigurationList = AB6AFC982B96D6460024C94E /* Build configuration list for PBXNativeTarget "ThirdSignTests" */;
			buildPhases = (
				AB6AFC7D2B96D6460024C94E /* Sources */,
				AB6AFC7E2B96D6460024C94E /* Frameworks */,
				AB6AFC7F2B96D6460024C94E /* Resources */,
			);
			buildRules = (
			);
			dependencies = (
				AB6AFC832B96D6460024C94E /* PBXTargetDependency */,
			);
			name = ThirdSignTests;
			productName = "Nocturna SideloadingTests";
			productReference = AB6AFC812B96D6460024C94E /* ThirdSignTests.xctest */;
			productType = "com.apple.product-type.bundle.unit-test";
		};
		AB6AFC8A2B96D6460024C94E /* ThirdSignUITests */ = {
			isa = PBXNativeTarget;
			buildConfigurationList = AB6AFC9B2B96D6460024C94E /* Build configuration list for PBXNativeTarget "ThirdSignUITests" */;
			buildPhases = (
				AB6AFC872B96D6460024C94E /* Sources */,
				AB6AFC882B96D6460024C94E /* Frameworks */,
				AB6AFC892B96D6460024C94E /* Resources */,
			);
			buildRules = (
			);
			dependencies = (
				AB6AFC8D2B96D6460024C94E /* PBXTargetDependency */,
			);
			name = ThirdSignUITests;
			productName = "Nocturna SideloadingUITests";
			productReference = AB6AFC8B2B96D6460024C94E /* ThirdSignUITests.xctest */;
			productType = "com.apple.product-type.bundle.ui-testing";
		};
/* End PBXNativeTarget section */

/* Begin PBXProject section */
		AB6AFC692B96D6450024C94E /* Project object */ = {
			isa = PBXProject;
			attributes = {
				BuildIndependentTargetsInParallel = 1;
				LastSwiftUpdateCheck = 1520;
				LastUpgradeCheck = 1520;
				TargetAttributes = {
					AB6AFC702B96D6450024C94E = {
						CreatedOnToolsVersion = 15.2;
					};
					AB6AFC802B96D6460024C94E = {
						CreatedOnToolsVersion = 15.2;
						TestTargetID = AB6AFC702B96D6450024C94E;
					};
					AB6AFC8A2B96D6460024C94E = {
						CreatedOnToolsVersion = 15.2;
						TestTargetID = AB6AFC702B96D6450024C94E;
					};
				};
			};
			buildConfigurationList = AB6AFC6C2B96D6450024C94E /* Build configuration list for PBXProject "ThirdSign" */;
			compatibilityVersion = "Xcode 14.0";
			developmentRegion = en;
			hasScannedForEncodings = 0;
			knownRegions = (
				en,
				Base,
			);
			mainGroup = AB6AFC682B96D6450024C94E;
			packageReferences = (
				AB49AD972C79934700134985 /* XCRemoteSwiftPackageReference "Zip" */,
				AB9B5E4A2C799531002632EA /* XCRemoteSwiftPackageReference "ZIPFoundation" */,
				AB9B5E4D2C799585002632EA /* XCRemoteSwiftPackageReference "NotificationBanner" */,
				AB9B5E502C799656002632EA /* XCRemoteSwiftPackageReference "swifter" */,
				AB7C37A32D16003D00C0341D /* XCRemoteSwiftPackageReference "OpenSSL-Package" */,
			);
			productRefGroup = AB6AFC722B96D6450024C94E /* Products */;
			projectDirPath = "";
			projectRoot = "";
			targets = (
				AB6AFC702B96D6450024C94E /* ThirdSign */,
				AB6AFC802B96D6460024C94E /* ThirdSignTests */,
				AB6AFC8A2B96D6460024C94E /* ThirdSignUITests */,
			);
		};
/* End PBXProject section */

/* Begin PBXResourcesBuildPhase section */
		AB6AFC6F2B96D6450024C94E /* Resources */ = {
			isa = PBXResourcesBuildPhase;
			buildActionMask = 2147483647;
			files = (
				AB77299E2BD346390000CCCD /* libsubstrate.dylib in Resources */,
				AB6AFC7C2B96D6460024C94E /* Preview Assets.xcassets in Resources */,
				AB77298A2BD32D110000CCCD /* README.md in Resources */,
				AB7729872BD32D110000CCCD /* LICENSE in Resources */,
				AB6AFC792B96D6460024C94E /* Assets.xcassets in Resources */,
			);
			runOnlyForDeploymentPostprocessing = 0;
		};
		AB6AFC7F2B96D6460024C94E /* Resources */ = {
			isa = PBXResourcesBuildPhase;
			buildActionMask = 2147483647;
			files = (
			);
			runOnlyForDeploymentPostprocessing = 0;
		};
		AB6AFC892B96D6460024C94E /* Resources */ = {
			isa = PBXResourcesBuildPhase;
			buildActionMask = 2147483647;
			files = (
			);
			runOnlyForDeploymentPostprocessing = 0;
		};
/* End PBXResourcesBuildPhase section */

/* Begin PBXSourcesBuildPhase section */
		AB6AFC6D2B96D6450024C94E /* Sources */ = {
			isa = PBXSourcesBuildPhase;
			buildActionMask = 2147483647;
			files = (
				AB7729812BD32D110000CCCD /* base64.cpp in Sources */,
				AB7729862BD32D110000CCCD /* bundle.cpp in Sources */,
				AB7729892BD32D110000CCCD /* openssl.cpp in Sources */,
				AB7CF93F2BDEB4F90051469D /* AppSmall1Block.swift in Sources */,
				AB7C37612D15FEED00C0341D /* NSData+Reading.m in Sources */,
				AB6AFCBC2B97E0CE0024C94E /* SettingsView.swift in Sources */,
				ABEA9ABD2BD755F8008AE25C /* DocumentPicker.swift in Sources */,
				AB7729882BD32D110000CCCD /* macho.cpp in Sources */,
				AB7729A12BD34B9F0000CCCD /* LoggingBridge.mm in Sources */,
				AB7C37642D15FEFA00C0341D /* operations.m in Sources */,
				AB77298C2BD32D110000CCCD /* zsign.cpp in Sources */,
				AB7729832BD32D110000CCCD /* json.cpp in Sources */,
				AB7729822BD32D110000CCCD /* common.cpp in Sources */,
				AB6AFC772B96D6450024C94E /* ContentView.swift in Sources */,
				AB6AFC752B96D6450024C94E /* Nocturna_SideloadingApp.swift in Sources */,
				AB77298B2BD32D110000CCCD /* signing.cpp in Sources */,
				AB7C375A2D15FEA800C0341D /* FixSubstrate.m in Sources */,
				AB7C375E2D15FEDB00C0341D /* headers.m in Sources */,
				AB7729852BD32D110000CCCD /* archo.cpp in Sources */,
			);
			runOnlyForDeploymentPostprocessing = 0;
		};
		AB6AFC7D2B96D6460024C94E /* Sources */ = {
			isa = PBXSourcesBuildPhase;
			buildActionMask = 2147483647;
			files = (
				AB6AFC862B96D6460024C94E /* Nocturna_SideloadingTests.swift in Sources */,
			);
			runOnlyForDeploymentPostprocessing = 0;
		};
		AB6AFC872B96D6460024C94E /* Sources */ = {
			isa = PBXSourcesBuildPhase;
			buildActionMask = 2147483647;
			files = (
				AB6AFC922B96D6460024C94E /* Nocturna_SideloadingUITestsLaunchTests.swift in Sources */,
				AB6AFC902B96D6460024C94E /* Nocturna_SideloadingUITests.swift in Sources */,
			);
			runOnlyForDeploymentPostprocessing = 0;
		};
/* End PBXSourcesBuildPhase section */

/* Begin PBXTargetDependency section */
		AB6AFC832B96D6460024C94E /* PBXTargetDependency */ = {
			isa = PBXTargetDependency;
			target = AB6AFC702B96D6450024C94E /* ThirdSign */;
			targetProxy = AB6AFC822B96D6460024C94E /* PBXContainerItemProxy */;
		};
		AB6AFC8D2B96D6460024C94E /* PBXTargetDependency */ = {
			isa = PBXTargetDependency;
			target = AB6AFC702B96D6450024C94E /* ThirdSign */;
			targetProxy = AB6AFC8C2B96D6460024C94E /* PBXContainerItemProxy */;
		};
/* End PBXTargetDependency section */

/* Begin XCBuildConfiguration section */
		AB6AFC932B96D6460024C94E /* Debug */ = {
			isa = XCBuildConfiguration;
			buildSettings = {
				ALWAYS_SEARCH_USER_PATHS = NO;
				ASSETCATALOG_COMPILER_GENERATE_SWIFT_ASSET_SYMBOL_EXTENSIONS = YES;
				CLANG_ANALYZER_NONNULL = YES;
				CLANG_ANALYZER_NUMBER_OBJECT_CONVERSION = YES_AGGRESSIVE;
				CLANG_CXX_LANGUAGE_STANDARD = "gnu++20";
				CLANG_ENABLE_MODULES = YES;
				CLANG_ENABLE_OBJC_ARC = YES;
				CLANG_ENABLE_OBJC_WEAK = YES;
				CLANG_WARN_BLOCK_CAPTURE_AUTORELEASING = YES;
				CLANG_WARN_BOOL_CONVERSION = YES;
				CLANG_WARN_COMMA = YES;
				CLANG_WARN_CONSTANT_CONVERSION = YES;
				CLANG_WARN_DEPRECATED_OBJC_IMPLEMENTATIONS = YES;
				CLANG_WARN_DIRECT_OBJC_ISA_USAGE = YES_ERROR;
				CLANG_WARN_DOCUMENTATION_COMMENTS = YES;
				CLANG_WARN_EMPTY_BODY = YES;
				CLANG_WARN_ENUM_CONVERSION = YES;
				CLANG_WARN_INFINITE_RECURSION = YES;
				CLANG_WARN_INT_CONVERSION = YES;
				CLANG_WARN_NON_LITERAL_NULL_CONVERSION = YES;
				CLANG_WARN_OBJC_IMPLICIT_RETAIN_SELF = YES;
				CLANG_WARN_OBJC_LITERAL_CONVERSION = YES;
				CLANG_WARN_OBJC_ROOT_CLASS = YES_ERROR;
				CLANG_WARN_QUOTED_INCLUDE_IN_FRAMEWORK_HEADER = YES;
				CLANG_WARN_RANGE_LOOP_ANALYSIS = YES;
				CLANG_WARN_STRICT_PROTOTYPES = YES;
				CLANG_WARN_SUSPICIOUS_MOVE = YES;
				CLANG_WARN_UNGUARDED_AVAILABILITY = YES_AGGRESSIVE;
				CLANG_WARN_UNREACHABLE_CODE = YES;
				CLANG_WARN__DUPLICATE_METHOD_MATCH = YES;
				COPY_PHASE_STRIP = NO;
				DEBUG_INFORMATION_FORMAT = dwarf;
				ENABLE_STRICT_OBJC_MSGSEND = YES;
				ENABLE_TESTABILITY = YES;
				ENABLE_USER_SCRIPT_SANDBOXING = YES;
				GCC_C_LANGUAGE_STANDARD = gnu17;
				GCC_DYNAMIC_NO_PIC = NO;
				GCC_NO_COMMON_BLOCKS = YES;
				GCC_OPTIMIZATION_LEVEL = 0;
				GCC_PREPROCESSOR_DEFINITIONS = (
					"DEBUG=1",
					"$(inherited)",
				);
				GCC_WARN_64_TO_32_BIT_CONVERSION = YES;
				GCC_WARN_ABOUT_RETURN_TYPE = YES_ERROR;
				GCC_WARN_UNDECLARED_SELECTOR = YES;
				GCC_WARN_UNINITIALIZED_AUTOS = YES_AGGRESSIVE;
				GCC_WARN_UNUSED_FUNCTION = YES;
				GCC_WARN_UNUSED_VARIABLE = YES;
				"HEADER_SEARCH_PATHS[arch=*]" = "\"$(PROJECT_DIR)/Nocturna Sideloading\"";
				IPHONEOS_DEPLOYMENT_TARGET = 16.0;
				"LIBRARY_SEARCH_PATHS[arch=*]" = "$(PROJECT_DIR)";
				LOCALIZATION_PREFERS_STRING_CATALOGS = YES;
				MTL_ENABLE_DEBUG_INFO = INCLUDE_SOURCE;
				MTL_FAST_MATH = YES;
				ONLY_ACTIVE_ARCH = YES;
				OTHER_LDFLAGS = "-v";
				SDKROOT = iphoneos;
				SWIFT_ACTIVE_COMPILATION_CONDITIONS = "DEBUG $(inherited)";
				SWIFT_OBJC_BRIDGING_HEADER = "$(SRCROOT)/Nocturna Sideloading/Sideloading-Bridging-Header.h";
				SWIFT_OPTIMIZATION_LEVEL = "-Onone";
			};
			name = Debug;
		};
		AB6AFC942B96D6460024C94E /* Release */ = {
			isa = XCBuildConfiguration;
			buildSettings = {
				ALWAYS_SEARCH_USER_PATHS = NO;
				ASSETCATALOG_COMPILER_GENERATE_SWIFT_ASSET_SYMBOL_EXTENSIONS = YES;
				CLANG_ANALYZER_NONNULL = YES;
				CLANG_ANALYZER_NUMBER_OBJECT_CONVERSION = YES_AGGRESSIVE;
				CLANG_CXX_LANGUAGE_STANDARD = "gnu++20";
				CLANG_ENABLE_MODULES = YES;
				CLANG_ENABLE_OBJC_ARC = YES;
				CLANG_ENABLE_OBJC_WEAK = YES;
				CLANG_WARN_BLOCK_CAPTURE_AUTORELEASING = YES;
				CLANG_WARN_BOOL_CONVERSION = YES;
				CLANG_WARN_COMMA = YES;
				CLANG_WARN_CONSTANT_CONVERSION = YES;
				CLANG_WARN_DEPRECATED_OBJC_IMPLEMENTATIONS = YES;
				CLANG_WARN_DIRECT_OBJC_ISA_USAGE = YES_ERROR;
				CLANG_WARN_DOCUMENTATION_COMMENTS = YES;
				CLANG_WARN_EMPTY_BODY = YES;
				CLANG_WARN_ENUM_CONVERSION = YES;
				CLANG_WARN_INFINITE_RECURSION = YES;
				CLANG_WARN_INT_CONVERSION = YES;
				CLANG_WARN_NON_LITERAL_NULL_CONVERSION = YES;
				CLANG_WARN_OBJC_IMPLICIT_RETAIN_SELF = YES;
				CLANG_WARN_OBJC_LITERAL_CONVERSION = YES;
				CLANG_WARN_OBJC_ROOT_CLASS = YES_ERROR;
				CLANG_WARN_QUOTED_INCLUDE_IN_FRAMEWORK_HEADER = YES;
				CLANG_WARN_RANGE_LOOP_ANALYSIS = YES;
				CLANG_WARN_STRICT_PROTOTYPES = YES;
				CLANG_WARN_SUSPICIOUS_MOVE = YES;
				CLANG_WARN_UNGUARDED_AVAILABILITY = YES_AGGRESSIVE;
				CLANG_WARN_UNREACHABLE_CODE = YES;
				CLANG_WARN__DUPLICATE_METHOD_MATCH = YES;
				COPY_PHASE_STRIP = NO;
				DEBUG_INFORMATION_FORMAT = "dwarf-with-dsym";
				ENABLE_NS_ASSERTIONS = NO;
				ENABLE_STRICT_OBJC_MSGSEND = YES;
				ENABLE_USER_SCRIPT_SANDBOXING = YES;
				GCC_C_LANGUAGE_STANDARD = gnu17;
				GCC_NO_COMMON_BLOCKS = YES;
				GCC_WARN_64_TO_32_BIT_CONVERSION = YES;
				GCC_WARN_ABOUT_RETURN_TYPE = YES_ERROR;
				GCC_WARN_UNDECLARED_SELECTOR = YES;
				GCC_WARN_UNINITIALIZED_AUTOS = YES_AGGRESSIVE;
				GCC_WARN_UNUSED_FUNCTION = YES;
				GCC_WARN_UNUSED_VARIABLE = YES;
				"HEADER_SEARCH_PATHS[arch=*]" = "\"$(PROJECT_DIR)/Nocturna Sideloading\"";
				IPHONEOS_DEPLOYMENT_TARGET = 16.0;
				"LIBRARY_SEARCH_PATHS[arch=*]" = "$(PROJECT_DIR)";
				LOCALIZATION_PREFERS_STRING_CATALOGS = YES;
				MTL_ENABLE_DEBUG_INFO = NO;
				MTL_FAST_MATH = YES;
				OTHER_LDFLAGS = "-v";
				SDKROOT = iphoneos;
				SWIFT_COMPILATION_MODE = wholemodule;
				SWIFT_OBJC_BRIDGING_HEADER = "$(SRCROOT)/Nocturna Sideloading/Sideloading-Bridging-Header.h";
				VALIDATE_PRODUCT = YES;
			};
			name = Release;
		};
		AB6AFC962B96D6460024C94E /* Debug */ = {
			isa = XCBuildConfiguration;
			buildSettings = {
				ASSETCATALOG_COMPILER_APPICON_NAME = AppIcon;
				ASSETCATALOG_COMPILER_GLOBAL_ACCENT_COLOR_NAME = AccentColor;
				CODE_SIGN_ENTITLEMENTS = "Nocturna Sideloading/Nocturna Sideloading.entitlements";
				CODE_SIGN_IDENTITY = "Apple Development";
				CODE_SIGN_STYLE = Automatic;
				CURRENT_PROJECT_VERSION = 2;
				DEVELOPMENT_ASSET_PATHS = "\"Nocturna Sideloading/Preview Content\"";
				DEVELOPMENT_TEAM = FAUDYS92MB;
				ENABLE_PREVIEWS = YES;
				FRAMEWORK_SEARCH_PATHS = (
					"$(inherited)",
					"$(PROJECT_DIR)/Nocturna\\ Sideloading",
					"$(PROJECT_DIR)",
				);
				GENERATE_INFOPLIST_FILE = YES;
				"HEADER_SEARCH_PATHS[arch=*]" = "\"$(PROJECT_DIR)/Nocturna Sideloading\"";
				INFOPLIST_KEY_CFBundleDisplayName = ThirdSign;
				INFOPLIST_KEY_UIApplicationSceneManifest_Generation = YES;
				INFOPLIST_KEY_UIApplicationSupportsIndirectInputEvents = YES;
				INFOPLIST_KEY_UILaunchScreen_Generation = YES;
				INFOPLIST_KEY_UIStatusBarStyle = UIStatusBarStyleLightContent;
				INFOPLIST_KEY_UISupportedInterfaceOrientations = UIInterfaceOrientationPortrait;
				INFOPLIST_KEY_UISupportsDocumentBrowser = YES;
				IPHONEOS_DEPLOYMENT_TARGET = 16.0;
				LD_RUNPATH_SEARCH_PATHS = (
					"$(inherited)",
					"@executable_path/Frameworks",
				);
				LIBRARY_SEARCH_PATHS = (
					"$(inherited)",
					"$(PROJECT_DIR)/zsign-package/lib",
					"$(PROJECT_DIR)",
					"$(PROJECT_DIR)/Nocturna\\ Sideloading",
				);
				MARKETING_VERSION = 1.0.2;
				"OTHER_CFLAGS[arch=*]" = "-I/opt/homebrew/Cellar/openssl@3/3.2.1/include";
				"OTHER_CPLUSPLUSFLAGS[arch=*]" = "-I/opt/homebrew/Cellar/openssl@3/3.2.1/include";
				OTHER_LDFLAGS = "";
				"OTHER_LDFLAGS[arch=*]" = "-lstdc++";
				PRODUCT_BUNDLE_IDENTIFIER = "com.loyahdev.Nocturna-Sideloading-Beta";
				PRODUCT_NAME = "$(TARGET_NAME)";
				PROVISIONING_PROFILE_SPECIFIER = "";
				SWIFT_EMIT_LOC_STRINGS = YES;
				SWIFT_OBJC_BRIDGING_HEADER = "$(PROJECT_DIR)/Nocturna Sideloading/ZSign.h";
				SWIFT_VERSION = 5.0;
				TARGETED_DEVICE_FAMILY = "1,2";
			};
			name = Debug;
		};
		AB6AFC972B96D6460024C94E /* Release */ = {
			isa = XCBuildConfiguration;
			buildSettings = {
				ASSETCATALOG_COMPILER_APPICON_NAME = AppIcon;
				ASSETCATALOG_COMPILER_GLOBAL_ACCENT_COLOR_NAME = AccentColor;
				CODE_SIGN_ENTITLEMENTS = "Nocturna Sideloading/Nocturna Sideloading.entitlements";
				CODE_SIGN_IDENTITY = "Apple Development";
				CODE_SIGN_STYLE = Automatic;
				CURRENT_PROJECT_VERSION = 2;
				DEVELOPMENT_ASSET_PATHS = "\"Nocturna Sideloading/Preview Content\"";
				DEVELOPMENT_TEAM = FAUDYS92MB;
				ENABLE_PREVIEWS = YES;
				FRAMEWORK_SEARCH_PATHS = (
					"$(inherited)",
					"$(PROJECT_DIR)/Nocturna\\ Sideloading",
					"$(PROJECT_DIR)",
				);
				GENERATE_INFOPLIST_FILE = YES;
				"HEADER_SEARCH_PATHS[arch=*]" = "\"$(PROJECT_DIR)/Nocturna Sideloading\"";
				INFOPLIST_KEY_CFBundleDisplayName = ThirdSign;
				INFOPLIST_KEY_UIApplicationSceneManifest_Generation = YES;
				INFOPLIST_KEY_UIApplicationSupportsIndirectInputEvents = YES;
				INFOPLIST_KEY_UILaunchScreen_Generation = YES;
				INFOPLIST_KEY_UIStatusBarStyle = UIStatusBarStyleLightContent;
				INFOPLIST_KEY_UISupportedInterfaceOrientations = UIInterfaceOrientationPortrait;
				INFOPLIST_KEY_UISupportsDocumentBrowser = YES;
				IPHONEOS_DEPLOYMENT_TARGET = 16.0;
				LD_RUNPATH_SEARCH_PATHS = (
					"$(inherited)",
					"@executable_path/Frameworks",
				);
				LIBRARY_SEARCH_PATHS = (
					"$(inherited)",
					"$(PROJECT_DIR)/zsign-package/lib",
					"$(PROJECT_DIR)",
					"$(PROJECT_DIR)/Nocturna\\ Sideloading",
				);
				MARKETING_VERSION = 1.0.2;
				"OTHER_CFLAGS[arch=*]" = "-I/opt/homebrew/Cellar/openssl@3/3.2.1/include";
				"OTHER_CPLUSPLUSFLAGS[arch=*]" = "-I/opt/homebrew/Cellar/openssl@3/3.2.1/include";
				OTHER_LDFLAGS = "";
				"OTHER_LDFLAGS[arch=*]" = "-lstdc++";
				PRODUCT_BUNDLE_IDENTIFIER = "com.loyahdev.Nocturna-Sideloading-Beta";
				PRODUCT_NAME = "$(TARGET_NAME)";
				PROVISIONING_PROFILE_SPECIFIER = "";
				SWIFT_EMIT_LOC_STRINGS = YES;
				SWIFT_OBJC_BRIDGING_HEADER = "$(PROJECT_DIR)/Nocturna Sideloading/ZSign.h";
				SWIFT_VERSION = 5.0;
				TARGETED_DEVICE_FAMILY = "1,2";
			};
			name = Release;
		};
		AB6AFC992B96D6460024C94E /* Debug */ = {
			isa = XCBuildConfiguration;
			buildSettings = {
				ALWAYS_EMBED_SWIFT_STANDARD_LIBRARIES = YES;
				BUNDLE_LOADER = "$(TEST_HOST)";
				CODE_SIGN_STYLE = Automatic;
				CURRENT_PROJECT_VERSION = 1;
				DEVELOPMENT_TEAM = FAUDYS92MB;
				GENERATE_INFOPLIST_FILE = YES;
				IPHONEOS_DEPLOYMENT_TARGET = 16.0;
				MARKETING_VERSION = 1.0;
				PRODUCT_BUNDLE_IDENTIFIER = "com.loyahdev.Nocturna-SideloadingTests";
				PRODUCT_NAME = "$(TARGET_NAME)";
				SWIFT_EMIT_LOC_STRINGS = NO;
				SWIFT_VERSION = 5.0;
				TARGETED_DEVICE_FAMILY = "1,2";
				TEST_HOST = "$(BUILT_PRODUCTS_DIR)/ThirdSign.app/$(BUNDLE_EXECUTABLE_FOLDER_PATH)/ThirdSign";
			};
			name = Debug;
		};
		AB6AFC9A2B96D6460024C94E /* Release */ = {
			isa = XCBuildConfiguration;
			buildSettings = {
				ALWAYS_EMBED_SWIFT_STANDARD_LIBRARIES = YES;
				BUNDLE_LOADER = "$(TEST_HOST)";
				CODE_SIGN_STYLE = Automatic;
				CURRENT_PROJECT_VERSION = 1;
				DEVELOPMENT_TEAM = FAUDYS92MB;
				GENERATE_INFOPLIST_FILE = YES;
				IPHONEOS_DEPLOYMENT_TARGET = 16.0;
				MARKETING_VERSION = 1.0;
				PRODUCT_BUNDLE_IDENTIFIER = "com.loyahdev.Nocturna-SideloadingTests";
				PRODUCT_NAME = "$(TARGET_NAME)";
				SWIFT_EMIT_LOC_STRINGS = NO;
				SWIFT_VERSION = 5.0;
				TARGETED_DEVICE_FAMILY = "1,2";
				TEST_HOST = "$(BUILT_PRODUCTS_DIR)/ThirdSign.app/$(BUNDLE_EXECUTABLE_FOLDER_PATH)/ThirdSign";
			};
			name = Release;
		};
		AB6AFC9C2B96D6460024C94E /* Debug */ = {
			isa = XCBuildConfiguration;
			buildSettings = {
				ALWAYS_EMBED_SWIFT_STANDARD_LIBRARIES = YES;
				CODE_SIGN_STYLE = Automatic;
				CURRENT_PROJECT_VERSION = 1;
				DEVELOPMENT_TEAM = FAUDYS92MB;
				GENERATE_INFOPLIST_FILE = YES;
				IPHONEOS_DEPLOYMENT_TARGET = 16.0;
				MARKETING_VERSION = 1.0;
				PRODUCT_BUNDLE_IDENTIFIER = "com.loyahdev.Nocturna-SideloadingUITests";
				PRODUCT_NAME = "$(TARGET_NAME)";
				SWIFT_EMIT_LOC_STRINGS = NO;
				SWIFT_VERSION = 5.0;
				TARGETED_DEVICE_FAMILY = "1,2";
				TEST_TARGET_NAME = "Nocturna Sideloading";
			};
			name = Debug;
		};
		AB6AFC9D2B96D6460024C94E /* Release */ = {
			isa = XCBuildConfiguration;
			buildSettings = {
				ALWAYS_EMBED_SWIFT_STANDARD_LIBRARIES = YES;
				CODE_SIGN_STYLE = Automatic;
				CURRENT_PROJECT_VERSION = 1;
				DEVELOPMENT_TEAM = FAUDYS92MB;
				GENERATE_INFOPLIST_FILE = YES;
				IPHONEOS_DEPLOYMENT_TARGET = 16.0;
				MARKETING_VERSION = 1.0;
				PRODUCT_BUNDLE_IDENTIFIER = "com.loyahdev.Nocturna-SideloadingUITests";
				PRODUCT_NAME = "$(TARGET_NAME)";
				SWIFT_EMIT_LOC_STRINGS = NO;
				SWIFT_VERSION = 5.0;
				TARGETED_DEVICE_FAMILY = "1,2";
				TEST_TARGET_NAME = "Nocturna Sideloading";
			};
			name = Release;
		};
/* End XCBuildConfiguration section */

/* Begin XCConfigurationList section */
		AB6AFC6C2B96D6450024C94E /* Build configuration list for PBXProject "ThirdSign" */ = {
			isa = XCConfigurationList;
			buildConfigurations = (
				AB6AFC932B96D6460024C94E /* Debug */,
				AB6AFC942B96D6460024C94E /* Release */,
			);
			defaultConfigurationIsVisible = 0;
			defaultConfigurationName = Release;
		};
		AB6AFC952B96D6460024C94E /* Build configuration list for PBXNativeTarget "ThirdSign" */ = {
			isa = XCConfigurationList;
			buildConfigurations = (
				AB6AFC962B96D6460024C94E /* Debug */,
				AB6AFC972B96D6460024C94E /* Release */,
			);
			defaultConfigurationIsVisible = 0;
			defaultConfigurationName = Release;
		};
		AB6AFC982B96D6460024C94E /* Build configuration list for PBXNativeTarget "ThirdSignTests" */ = {
			isa = XCConfigurationList;
			buildConfigurations = (
				AB6AFC992B96D6460024C94E /* Debug */,
				AB6AFC9A2B96D6460024C94E /* Release */,
			);
			defaultConfigurationIsVisible = 0;
			defaultConfigurationName = Release;
		};
		AB6AFC9B2B96D6460024C94E /* Build configuration list for PBXNativeTarget "ThirdSignUITests" */ = {
			isa = XCConfigurationList;
			buildConfigurations = (
				AB6AFC9C2B96D6460024C94E /* Debug */,
				AB6AFC9D2B96D6460024C94E /* Release */,
			);
			defaultConfigurationIsVisible = 0;
			defaultConfigurationName = Release;
		};
/* End XCConfigurationList section */

/* Begin XCRemoteSwiftPackageReference section */
		AB49AD972C79934700134985 /* XCRemoteSwiftPackageReference "Zip" */ = {
			isa = XCRemoteSwiftPackageReference;
			repositoryURL = "https://github.com/marmelroy/Zip";
			requirement = {
				kind = upToNextMajorVersion;
				minimumVersion = 2.1.2;
			};
		};
		AB7C37A32D16003D00C0341D /* XCRemoteSwiftPackageReference "OpenSSL-Package" */ = {
			isa = XCRemoteSwiftPackageReference;
			repositoryURL = "https://github.com/krzyzanowskim/OpenSSL-Package";
			requirement = {
				kind = upToNextMajorVersion;
				minimumVersion = 3.3.2000;
			};
		};
		AB9B5E4A2C799531002632EA /* XCRemoteSwiftPackageReference "ZIPFoundation" */ = {
			isa = XCRemoteSwiftPackageReference;
			repositoryURL = "https://github.com/weichsel/ZIPFoundation";
			requirement = {
				kind = upToNextMajorVersion;
				minimumVersion = 0.9.19;
			};
		};
		AB9B5E4D2C799585002632EA /* XCRemoteSwiftPackageReference "NotificationBanner" */ = {
			isa = XCRemoteSwiftPackageReference;
			repositoryURL = "https://github.com/Daltron/NotificationBanner";
			requirement = {
				kind = upToNextMajorVersion;
				minimumVersion = 4.0.0;
			};
		};
		AB9B5E502C799656002632EA /* XCRemoteSwiftPackageReference "swifter" */ = {
			isa = XCRemoteSwiftPackageReference;
			repositoryURL = "https://github.com/httpswift/swifter";
			requirement = {
				kind = upToNextMajorVersion;
				minimumVersion = 1.5.0;
			};
		};
/* End XCRemoteSwiftPackageReference section */

/* Begin XCSwiftPackageProductDependency section */
		AB7C37A42D16003D00C0341D /* OpenSSL */ = {
			isa = XCSwiftPackageProductDependency;
			package = AB7C37A32D16003D00C0341D /* XCRemoteSwiftPackageReference "OpenSSL-Package" */;
			productName = OpenSSL;
		};
		AB9B5E4B2C799531002632EA /* ZIPFoundation */ = {
			isa = XCSwiftPackageProductDependency;
			package = AB9B5E4A2C799531002632EA /* XCRemoteSwiftPackageReference "ZIPFoundation" */;
			productName = ZIPFoundation;
		};
		AB9B5E4E2C799585002632EA /* NotificationBannerSwift */ = {
			isa = XCSwiftPackageProductDependency;
			package = AB9B5E4D2C799585002632EA /* XCRemoteSwiftPackageReference "NotificationBanner" */;
			productName = NotificationBannerSwift;
		};
		AB9B5E512C799656002632EA /* Swifter */ = {
			isa = XCSwiftPackageProductDependency;
			package = AB9B5E502C799656002632EA /* XCRemoteSwiftPackageReference "swifter" */;
			productName = Swifter;
		};
/* End XCSwiftPackageProductDependency section */
	};
	rootObject = AB6AFC692B96D6450024C94E /* Project object */;
}
